
Microsoft Visual Studio Solution File, Format Version 12.00
# Visual Studio Version 16
VisualStudioVersion = 16.0.29613.14
MinimumVisualStudioVersion = 10.0.40219.1
Project("{FAE04EC0-301F-11D3-BF4B-00C04F79EFBC}") = "OgrenciSinavSistemiUygulamasi", "OgrenciSinavSistemiUygulamasi.csproj", "{B673E1E3-969F-421E-AEFF-90DF3A3F72FD}"
EndProject
Global
	GlobalSection(SolutionConfigurationPlatforms) = preSolution
		Debug|Any CPU = Debug|Any CPU
		Release|Any CPU = Release|Any CPU
	EndGlobalSection
	GlobalSection(ProjectConfigurationPlatforms) = postSolution
		{B673E1E3-969F-421E-AEFF-90DF3A3F72FD}.Debug|Any CPU.ActiveCfg = Debug|Any CPU
		{B673E1E3-969F-421E-AEFF-90DF3A3F72FD}.Debug|Any CPU.Build.0 = Debug|Any CPU
		{B673E1E3-969F-421E-AEFF-90DF3A3F72FD}.Release|Any CPU.ActiveCfg = Release|Any CPU
		{B673E1E3-969F-421E-AEFF-90DF3A3F72FD}.Release|Any CPU.Build.0 = Release|Any CPU
	EndGlobalSection
	GlobalSection(SolutionProperties) = preSolution
		HideSolutionNode = FALSE
	EndGlobalSection
	GlobalSection(ExtensibilityGlobals) = postSolution
		SolutionGuid = {2FBA7CAD-2780-431A-889F-E1ABEDA10056}
	EndGlobalSection
EndGlobal
